
Microsoft Visual Studio Solution File, Format Version 12.00
# Visual Studio Version 17
VisualStudioVersion = 17.6.33801.468
MinimumVisualStudioVersion = 10.0.40219.1
Project("{FAE04EC0-301F-11D3-BF4B-00C04F79EFBC}") = "PaymentAPI.Application", "PaymentAAPI.Application\PaymentAPI.Application.csproj", "{35EFDF62-23FB-4E20-869D-B333385EB8FD}"
EndProject
Project("{FAE04EC0-301F-11D3-BF4B-00C04F79EFBC}") = "PaymentAPI.Domain", "PaymentAPI.Domain\PaymentAPI.Domain.csproj", "{45D46FA2-10CC-4F00-A464-284704A2AA3D}"
EndProject
Project("{FAE04EC0-301F-11D3-BF4B-00C04F79EFBC}") = "PaymentAPI.Infrastructure", "PaymentAPI.Infrastructure\PaymentAPI.Infrastructure.csproj", "{D1A55415-5464-41EA-92BF-37C8081491FE}"
EndProject
Project("{FAE04EC0-301F-11D3-BF4B-00C04F79EFBC}") = "PaymentAPI.Presentation", "PaymentAPI.Presentation\PaymentAPI.Presentation.csproj", "{CE39276E-52D3-489D-A750-D77A2BF460E3}"
EndProject
Project("{FAE04EC0-301F-11D3-BF4B-00C04F79EFBC}") = "Payment.UnitTest", "Payment.UnitTest\Payment.UnitTest.csproj", "{4AA1357B-40AE-49ED-8116-C6E724B863A1}"
EndProject
Global
	GlobalSection(SolutionConfigurationPlatforms) = preSolution
		Debug|Any CPU = Debug|Any CPU
		Release|Any CPU = Release|Any CPU
	EndGlobalSection
	GlobalSection(ProjectConfigurationPlatforms) = postSolution
		{35EFDF62-23FB-4E20-869D-B333385EB8FD}.Debug|Any CPU.ActiveCfg = Debug|Any CPU
		{35EFDF62-23FB-4E20-869D-B333385EB8FD}.Debug|Any CPU.Build.0 = Debug|Any CPU
		{35EFDF62-23FB-4E20-869D-B333385EB8FD}.Release|Any CPU.ActiveCfg = Release|Any CPU
		{35EFDF62-23FB-4E20-869D-B333385EB8FD}.Release|Any CPU.Build.0 = Release|Any CPU
		{45D46FA2-10CC-4F00-A464-284704A2AA3D}.Debug|Any CPU.ActiveCfg = Debug|Any CPU
		{45D46FA2-10CC-4F00-A464-284704A2AA3D}.Debug|Any CPU.Build.0 = Debug|Any CPU
		{45D46FA2-10CC-4F00-A464-284704A2AA3D}.Release|Any CPU.ActiveCfg = Release|Any CPU
		{45D46FA2-10CC-4F00-A464-284704A2AA3D}.Release|Any CPU.Build.0 = Release|Any CPU
		{D1A55415-5464-41EA-92BF-37C8081491FE}.Debug|Any CPU.ActiveCfg = Debug|Any CPU
		{D1A55415-5464-41EA-92BF-37C8081491FE}.Debug|Any CPU.Build.0 = Debug|Any CPU
		{D1A55415-5464-41EA-92BF-37C8081491FE}.Release|Any CPU.ActiveCfg = Release|Any CPU
		{D1A55415-5464-41EA-92BF-37C8081491FE}.Release|Any CPU.Build.0 = Release|Any CPU
		{CE39276E-52D3-489D-A750-D77A2BF460E3}.Debug|Any CPU.ActiveCfg = Debug|Any CPU
		{CE39276E-52D3-489D-A750-D77A2BF460E3}.Debug|Any CPU.Build.0 = Debug|Any CPU
		{CE39276E-52D3-489D-A750-D77A2BF460E3}.Release|Any CPU.ActiveCfg = Release|Any CPU
		{CE39276E-52D3-489D-A750-D77A2BF460E3}.Release|Any CPU.Build.0 = Release|Any CPU
		{4AA1357B-40AE-49ED-8116-C6E724B863A1}.Debug|Any CPU.ActiveCfg = Debug|Any CPU
		{4AA1357B-40AE-49ED-8116-C6E724B863A1}.Debug|Any CPU.Build.0 = Debug|Any CPU
		{4AA1357B-40AE-49ED-8116-C6E724B863A1}.Release|Any CPU.ActiveCfg = Release|Any CPU
		{4AA1357B-40AE-49ED-8116-C6E724B863A1}.Release|Any CPU.Build.0 = Release|Any CPU
	EndGlobalSection
	GlobalSection(SolutionProperties) = preSolution
		HideSolutionNode = FALSE
	EndGlobalSection
	GlobalSection(ExtensibilityGlobals) = postSolution
		SolutionGuid = {0B1DA919-E3F0-4CFA-AD6C-2EF135C1337A}
	EndGlobalSection
EndGlobal
